
Microsoft Visual Studio Solution File, Format Version 12.00
# Visual Studio Version 16
VisualStudioVersion = 16.0.29728.190
MinimumVisualStudioVersion = 10.0.40219.1
Project("{FAE04EC0-301F-11D3-BF4B-00C04F79EFBC}") = "DeskBooker.Core.Tests", "DeskBooker.Core.Tests\DeskBooker.Core.Tests.csproj", "{51AED42E-4290-497A-8919-B5CE8ABC7ED5}"
EndProject
Project("{FAE04EC0-301F-11D3-BF4B-00C04F79EFBC}") = "DeskBooker.Core", "DeskBooker.Core\DeskBooker.Core.csproj", "{35FF5331-5092-4417-8396-7565998A278A}"
EndProject
Global
	GlobalSection(SolutionConfigurationPlatforms) = preSolution
		Debug|Any CPU = Debug|Any CPU
		Release|Any CPU = Release|Any CPU
	EndGlobalSection
	GlobalSection(ProjectConfigurationPlatforms) = postSolution
		{51AED42E-4290-497A-8919-B5CE8ABC7ED5}.Debug|Any CPU.ActiveCfg = Debug|Any CPU
		{51AED42E-4290-497A-8919-B5CE8ABC7ED5}.Debug|Any CPU.Build.0 = Debug|Any CPU
		{51AED42E-4290-497A-8919-B5CE8ABC7ED5}.Release|Any CPU.ActiveCfg = Release|Any CPU
		{51AED42E-4290-497A-8919-B5CE8ABC7ED5}.Release|Any CPU.Build.0 = Release|Any CPU
		{35FF5331-5092-4417-8396-7565998A278A}.Debug|Any CPU.ActiveCfg = Debug|Any CPU
		{35FF5331-5092-4417-8396-7565998A278A}.Debug|Any CPU.Build.0 = Debug|Any CPU
		{35FF5331-5092-4417-8396-7565998A278A}.Release|Any CPU.ActiveCfg = Release|Any CPU
		{35FF5331-5092-4417-8396-7565998A278A}.Release|Any CPU.Build.0 = Release|Any CPU
	EndGlobalSection
	GlobalSection(SolutionProperties) = preSolution
		HideSolutionNode = FALSE
	EndGlobalSection
	GlobalSection(ExtensibilityGlobals) = postSolution
		SolutionGuid = {87BE7DDA-E73A-449B-8359-6D86B9890722}
	EndGlobalSection
EndGlobal
